
Microsoft Visual Studio Solution File, Format Version 12.00
# Visual Studio Version 16
VisualStudioVersion = 16.0.29613.14
MinimumVisualStudioVersion = 10.0.40219.1
Project("{9A19103F-16F7-4668-BE54-9A1E7A4F7556}") = "01. Socks", "01. Socks\01. Socks.csproj", "{895EBFF2-297D-4E19-A18F-7DFE429F3B76}"
EndProject
Project("{FAE04EC0-301F-11D3-BF4B-00C04F79EFBC}") = "02. Excel Functions", "02. Excel Functions\02. Excel Functions.csproj", "{FE77FF53-CE48-465D-B405-CEED6D777D15}"
EndProject
Project("{FAE04EC0-301F-11D3-BF4B-00C04F79EFBC}") = "Test", "Test\Test.csproj", "{DD6200B2-1CB0-4A76-A5C5-05EDA84B8DBB}"
EndProject
Global
	GlobalSection(SolutionConfigurationPlatforms) = preSolution
		Debug|Any CPU = Debug|Any CPU
		Release|Any CPU = Release|Any CPU
	EndGlobalSection
	GlobalSection(ProjectConfigurationPlatforms) = postSolution
		{895EBFF2-297D-4E19-A18F-7DFE429F3B76}.Debug|Any CPU.ActiveCfg = Debug|Any CPU
		{895EBFF2-297D-4E19-A18F-7DFE429F3B76}.Debug|Any CPU.Build.0 = Debug|Any CPU
		{895EBFF2-297D-4E19-A18F-7DFE429F3B76}.Release|Any CPU.ActiveCfg = Release|Any CPU
		{895EBFF2-297D-4E19-A18F-7DFE429F3B76}.Release|Any CPU.Build.0 = Release|Any CPU
		{FE77FF53-CE48-465D-B405-CEED6D777D15}.Debug|Any CPU.ActiveCfg = Debug|Any CPU
		{FE77FF53-CE48-465D-B405-CEED6D777D15}.Debug|Any CPU.Build.0 = Debug|Any CPU
		{FE77FF53-CE48-465D-B405-CEED6D777D15}.Release|Any CPU.ActiveCfg = Release|Any CPU
		{FE77FF53-CE48-465D-B405-CEED6D777D15}.Release|Any CPU.Build.0 = Release|Any CPU
		{DD6200B2-1CB0-4A76-A5C5-05EDA84B8DBB}.Debug|Any CPU.ActiveCfg = Debug|Any CPU
		{DD6200B2-1CB0-4A76-A5C5-05EDA84B8DBB}.Debug|Any CPU.Build.0 = Debug|Any CPU
		{DD6200B2-1CB0-4A76-A5C5-05EDA84B8DBB}.Release|Any CPU.ActiveCfg = Release|Any CPU
		{DD6200B2-1CB0-4A76-A5C5-05EDA84B8DBB}.Release|Any CPU.Build.0 = Release|Any CPU
	EndGlobalSection
	GlobalSection(SolutionProperties) = preSolution
		HideSolutionNode = FALSE
	EndGlobalSection
	GlobalSection(ExtensibilityGlobals) = postSolution
		SolutionGuid = {F1AD79C5-6312-42FC-B347-7BDC92517F1D}
	EndGlobalSection
EndGlobal
