
Microsoft Visual Studio Solution File, Format Version 12.00
# Visual Studio Version 16
VisualStudioVersion = 16.0.29920.165
MinimumVisualStudioVersion = 10.0.40219.1
Project("{9A19103F-16F7-4668-BE54-9A1E7A4F7556}") = "EF Introduction - Lab", "EF Introduction - Lab\EF Introduction - Lab.csproj", "{92F1D5E3-ABC4-4294-962F-79D476AB2F22}"
EndProject
Project("{FAE04EC0-301F-11D3-BF4B-00C04F79EFBC}") = "Recipes", "Recipes\Recipes.csproj", "{BCB881FF-FFDF-4B98-8741-87FCAFEA9361}"
EndProject
Global
	GlobalSection(SolutionConfigurationPlatforms) = preSolution
		Debug|Any CPU = Debug|Any CPU
		Release|Any CPU = Release|Any CPU
	EndGlobalSection
	GlobalSection(ProjectConfigurationPlatforms) = postSolution
		{92F1D5E3-ABC4-4294-962F-79D476AB2F22}.Debug|Any CPU.ActiveCfg = Debug|Any CPU
		{92F1D5E3-ABC4-4294-962F-79D476AB2F22}.Debug|Any CPU.Build.0 = Debug|Any CPU
		{92F1D5E3-ABC4-4294-962F-79D476AB2F22}.Release|Any CPU.ActiveCfg = Release|Any CPU
		{92F1D5E3-ABC4-4294-962F-79D476AB2F22}.Release|Any CPU.Build.0 = Release|Any CPU
		{BCB881FF-FFDF-4B98-8741-87FCAFEA9361}.Debug|Any CPU.ActiveCfg = Debug|Any CPU
		{BCB881FF-FFDF-4B98-8741-87FCAFEA9361}.Debug|Any CPU.Build.0 = Debug|Any CPU
		{BCB881FF-FFDF-4B98-8741-87FCAFEA9361}.Release|Any CPU.ActiveCfg = Release|Any CPU
		{BCB881FF-FFDF-4B98-8741-87FCAFEA9361}.Release|Any CPU.Build.0 = Release|Any CPU
	EndGlobalSection
	GlobalSection(SolutionProperties) = preSolution
		HideSolutionNode = FALSE
	EndGlobalSection
	GlobalSection(ExtensibilityGlobals) = postSolution
		SolutionGuid = {CBBFF4DE-5D74-4F8B-8633-7552F846B2FC}
	EndGlobalSection
EndGlobal
