
Microsoft Visual Studio Solution File, Format Version 12.00
# Visual Studio 15
VisualStudioVersion = 15.0.28307.572
MinimumVisualStudioVersion = 10.0.40219.1
Project("{FAE04EC0-301F-11D3-BF4B-00C04F79EFBC}") = "Leva-Euro Convertor", "Leva-Euro Convertor\Leva-Euro Convertor.csproj", "{6A33AC95-663E-4832-9EAB-AF43E9F4B487}"
EndProject
Global
	GlobalSection(SolutionConfigurationPlatforms) = preSolution
		Debug|Any CPU = Debug|Any CPU
		Release|Any CPU = Release|Any CPU
	EndGlobalSection
	GlobalSection(ProjectConfigurationPlatforms) = postSolution
		{6A33AC95-663E-4832-9EAB-AF43E9F4B487}.Debug|Any CPU.ActiveCfg = Debug|Any CPU
		{6A33AC95-663E-4832-9EAB-AF43E9F4B487}.Debug|Any CPU.Build.0 = Debug|Any CPU
		{6A33AC95-663E-4832-9EAB-AF43E9F4B487}.Release|Any CPU.ActiveCfg = Release|Any CPU
		{6A33AC95-663E-4832-9EAB-AF43E9F4B487}.Release|Any CPU.Build.0 = Release|Any CPU
	EndGlobalSection
	GlobalSection(SolutionProperties) = preSolution
		HideSolutionNode = FALSE
	EndGlobalSection
	GlobalSection(ExtensibilityGlobals) = postSolution
		SolutionGuid = {04389AD3-CA33-4226-9F95-C0A0272654FE}
	EndGlobalSection
EndGlobal
