
Microsoft Visual Studio Solution File, Format Version 12.00
# Visual Studio Version 16
VisualStudioVersion = 16.0.29613.14
MinimumVisualStudioVersion = 10.0.40219.1
Project("{FAE04EC0-301F-11D3-BF4B-00C04F79EFBC}") = "01. Lootbox", "01. Lootbox\01. Lootbox.csproj", "{8ABA84A2-CDEF-439E-BB3A-785FAB0A29E9}"
EndProject
Project("{FAE04EC0-301F-11D3-BF4B-00C04F79EFBC}") = "02. Re-Volt", "02. Re-Volt\02. Re-Volt.csproj", "{12725438-712E-4F47-B4CC-E115EA52476B}"
EndProject
Project("{9A19103F-16F7-4668-BE54-9A1E7A4F7556}") = "Guild", "Guild\Guild.csproj", "{CF1ABCE6-415E-4DB1-8AE2-710DE4078462}"
EndProject
Global
	GlobalSection(SolutionConfigurationPlatforms) = preSolution
		Debug|Any CPU = Debug|Any CPU
		Release|Any CPU = Release|Any CPU
	EndGlobalSection
	GlobalSection(ProjectConfigurationPlatforms) = postSolution
		{8ABA84A2-CDEF-439E-BB3A-785FAB0A29E9}.Debug|Any CPU.ActiveCfg = Debug|Any CPU
		{8ABA84A2-CDEF-439E-BB3A-785FAB0A29E9}.Debug|Any CPU.Build.0 = Debug|Any CPU
		{8ABA84A2-CDEF-439E-BB3A-785FAB0A29E9}.Release|Any CPU.ActiveCfg = Release|Any CPU
		{8ABA84A2-CDEF-439E-BB3A-785FAB0A29E9}.Release|Any CPU.Build.0 = Release|Any CPU
		{12725438-712E-4F47-B4CC-E115EA52476B}.Debug|Any CPU.ActiveCfg = Debug|Any CPU
		{12725438-712E-4F47-B4CC-E115EA52476B}.Debug|Any CPU.Build.0 = Debug|Any CPU
		{12725438-712E-4F47-B4CC-E115EA52476B}.Release|Any CPU.ActiveCfg = Release|Any CPU
		{12725438-712E-4F47-B4CC-E115EA52476B}.Release|Any CPU.Build.0 = Release|Any CPU
		{CF1ABCE6-415E-4DB1-8AE2-710DE4078462}.Debug|Any CPU.ActiveCfg = Debug|Any CPU
		{CF1ABCE6-415E-4DB1-8AE2-710DE4078462}.Debug|Any CPU.Build.0 = Debug|Any CPU
		{CF1ABCE6-415E-4DB1-8AE2-710DE4078462}.Release|Any CPU.ActiveCfg = Release|Any CPU
		{CF1ABCE6-415E-4DB1-8AE2-710DE4078462}.Release|Any CPU.Build.0 = Release|Any CPU
	EndGlobalSection
	GlobalSection(SolutionProperties) = preSolution
		HideSolutionNode = FALSE
	EndGlobalSection
	GlobalSection(ExtensibilityGlobals) = postSolution
		SolutionGuid = {921CE98E-853F-40B7-A82C-675686407001}
	EndGlobalSection
EndGlobal
