
Microsoft Visual Studio Solution File, Format Version 12.00
# Visual Studio Version 16
VisualStudioVersion = 16.0.30804.86
MinimumVisualStudioVersion = 10.0.40219.1
Project("{FAE04EC0-301F-11D3-BF4B-00C04F79EFBC}") = "Farm", "Farm\Farm.csproj", "{958625E2-1770-4405-BC9A-046A4705DA41}"
EndProject
Global
	GlobalSection(SolutionConfigurationPlatforms) = preSolution
		Debug|Any CPU = Debug|Any CPU
		Release|Any CPU = Release|Any CPU
	EndGlobalSection
	GlobalSection(ProjectConfigurationPlatforms) = postSolution
		{958625E2-1770-4405-BC9A-046A4705DA41}.Debug|Any CPU.ActiveCfg = Debug|Any CPU
		{958625E2-1770-4405-BC9A-046A4705DA41}.Debug|Any CPU.Build.0 = Debug|Any CPU
		{958625E2-1770-4405-BC9A-046A4705DA41}.Release|Any CPU.ActiveCfg = Release|Any CPU
		{958625E2-1770-4405-BC9A-046A4705DA41}.Release|Any CPU.Build.0 = Release|Any CPU
	EndGlobalSection
	GlobalSection(SolutionProperties) = preSolution
		HideSolutionNode = FALSE
	EndGlobalSection
	GlobalSection(ExtensibilityGlobals) = postSolution
		SolutionGuid = {246F16BF-3466-469E-B400-8C4A43621F69}
	EndGlobalSection
EndGlobal
