
Microsoft Visual Studio Solution File, Format Version 12.00
# Visual Studio Version 16
VisualStudioVersion = 16.0.29613.14
MinimumVisualStudioVersion = 10.0.40219.1
Project("{9A19103F-16F7-4668-BE54-9A1E7A4F7556}") = "Persons", "Persons.csproj", "{BEDA854E-48E0-44C3-91BA-600681ACE330}"
EndProject
Project("{FAE04EC0-301F-11D3-BF4B-00C04F79EFBC}") = "OpinionPoll", "..\OpinionPoll\OpinionPoll.csproj", "{FC8E4FDA-29D3-4D41-85C5-8C1CCB8E17DA}"
EndProject
Global
	GlobalSection(SolutionConfigurationPlatforms) = preSolution
		Debug|Any CPU = Debug|Any CPU
		Release|Any CPU = Release|Any CPU
	EndGlobalSection
	GlobalSection(ProjectConfigurationPlatforms) = postSolution
		{BEDA854E-48E0-44C3-91BA-600681ACE330}.Debug|Any CPU.ActiveCfg = Debug|Any CPU
		{BEDA854E-48E0-44C3-91BA-600681ACE330}.Debug|Any CPU.Build.0 = Debug|Any CPU
		{BEDA854E-48E0-44C3-91BA-600681ACE330}.Release|Any CPU.ActiveCfg = Release|Any CPU
		{BEDA854E-48E0-44C3-91BA-600681ACE330}.Release|Any CPU.Build.0 = Release|Any CPU
		{FC8E4FDA-29D3-4D41-85C5-8C1CCB8E17DA}.Debug|Any CPU.ActiveCfg = Debug|Any CPU
		{FC8E4FDA-29D3-4D41-85C5-8C1CCB8E17DA}.Debug|Any CPU.Build.0 = Debug|Any CPU
		{FC8E4FDA-29D3-4D41-85C5-8C1CCB8E17DA}.Release|Any CPU.ActiveCfg = Release|Any CPU
		{FC8E4FDA-29D3-4D41-85C5-8C1CCB8E17DA}.Release|Any CPU.Build.0 = Release|Any CPU
	EndGlobalSection
	GlobalSection(SolutionProperties) = preSolution
		HideSolutionNode = FALSE
	EndGlobalSection
	GlobalSection(ExtensibilityGlobals) = postSolution
		SolutionGuid = {28F85D7C-021D-4C54-87FF-0E1538A8C74A}
	EndGlobalSection
EndGlobal
