
Microsoft Visual Studio Solution File, Format Version 12.00
# Visual Studio Version 16
VisualStudioVersion = 16.0.29920.165
MinimumVisualStudioVersion = 10.0.40219.1
Project("{FAE04EC0-301F-11D3-BF4B-00C04F79EFBC}") = "ADO.NET - Lab", "ADO.NET - Lab\ADO.NET - Lab.csproj", "{D7DFEF4A-74A5-4710-BB45-660CECCBF40A}"
EndProject
Global
	GlobalSection(SolutionConfigurationPlatforms) = preSolution
		Debug|Any CPU = Debug|Any CPU
		Release|Any CPU = Release|Any CPU
	EndGlobalSection
	GlobalSection(ProjectConfigurationPlatforms) = postSolution
		{D7DFEF4A-74A5-4710-BB45-660CECCBF40A}.Debug|Any CPU.ActiveCfg = Debug|Any CPU
		{D7DFEF4A-74A5-4710-BB45-660CECCBF40A}.Debug|Any CPU.Build.0 = Debug|Any CPU
		{D7DFEF4A-74A5-4710-BB45-660CECCBF40A}.Release|Any CPU.ActiveCfg = Release|Any CPU
		{D7DFEF4A-74A5-4710-BB45-660CECCBF40A}.Release|Any CPU.Build.0 = Release|Any CPU
	EndGlobalSection
	GlobalSection(SolutionProperties) = preSolution
		HideSolutionNode = FALSE
	EndGlobalSection
	GlobalSection(ExtensibilityGlobals) = postSolution
		SolutionGuid = {82526CE2-0FD4-4302-9675-3B26B5563A8C}
	EndGlobalSection
EndGlobal
