
Microsoft Visual Studio Solution File, Format Version 12.00
# Visual Studio Version 16
VisualStudioVersion = 16.0.30804.86
MinimumVisualStudioVersion = 10.0.40219.1
Project("{FAE04EC0-301F-11D3-BF4B-00C04F79EFBC}") = "CustomRandomList", "CustomRandomList\CustomRandomList.csproj", "{F1A5264A-7190-4338-8BB6-498EB7381ED1}"
EndProject
Global
	GlobalSection(SolutionConfigurationPlatforms) = preSolution
		Debug|Any CPU = Debug|Any CPU
		Release|Any CPU = Release|Any CPU
	EndGlobalSection
	GlobalSection(ProjectConfigurationPlatforms) = postSolution
		{F1A5264A-7190-4338-8BB6-498EB7381ED1}.Debug|Any CPU.ActiveCfg = Debug|Any CPU
		{F1A5264A-7190-4338-8BB6-498EB7381ED1}.Debug|Any CPU.Build.0 = Debug|Any CPU
		{F1A5264A-7190-4338-8BB6-498EB7381ED1}.Release|Any CPU.ActiveCfg = Release|Any CPU
		{F1A5264A-7190-4338-8BB6-498EB7381ED1}.Release|Any CPU.Build.0 = Release|Any CPU
	EndGlobalSection
	GlobalSection(SolutionProperties) = preSolution
		HideSolutionNode = FALSE
	EndGlobalSection
	GlobalSection(ExtensibilityGlobals) = postSolution
		SolutionGuid = {1F2F445B-0DCB-477E-93DB-9F1F54794469}
	EndGlobalSection
EndGlobal
