
Microsoft Visual Studio Solution File, Format Version 12.00
# Visual Studio Version 16
VisualStudioVersion = 16.0.29613.14
MinimumVisualStudioVersion = 10.0.40219.1
Project("{9A19103F-16F7-4668-BE54-9A1E7A4F7556}") = "01. Spaceship Crafting", "01. Spaceship Crafting\01. Spaceship Crafting.csproj", "{1F1D0355-D08A-4970-BBAA-82DC8AC47C8B}"
EndProject
Project("{9A19103F-16F7-4668-BE54-9A1E7A4F7556}") = "03. Space Station Establishment", "03. Space Station Establishment\03. Space Station Establishment.csproj", "{F4B5DE8C-DBCF-49BB-B1B7-2C1D7CE000B4}"
EndProject
Project("{FAE04EC0-301F-11D3-BF4B-00C04F79EFBC}") = "Test", "Test\Test.csproj", "{2236474C-C064-44C3-BF04-EBE991B12837}"
EndProject
Global
	GlobalSection(SolutionConfigurationPlatforms) = preSolution
		Debug|Any CPU = Debug|Any CPU
		Release|Any CPU = Release|Any CPU
	EndGlobalSection
	GlobalSection(ProjectConfigurationPlatforms) = postSolution
		{1F1D0355-D08A-4970-BBAA-82DC8AC47C8B}.Debug|Any CPU.ActiveCfg = Debug|Any CPU
		{1F1D0355-D08A-4970-BBAA-82DC8AC47C8B}.Debug|Any CPU.Build.0 = Debug|Any CPU
		{1F1D0355-D08A-4970-BBAA-82DC8AC47C8B}.Release|Any CPU.ActiveCfg = Release|Any CPU
		{1F1D0355-D08A-4970-BBAA-82DC8AC47C8B}.Release|Any CPU.Build.0 = Release|Any CPU
		{F4B5DE8C-DBCF-49BB-B1B7-2C1D7CE000B4}.Debug|Any CPU.ActiveCfg = Debug|Any CPU
		{F4B5DE8C-DBCF-49BB-B1B7-2C1D7CE000B4}.Debug|Any CPU.Build.0 = Debug|Any CPU
		{F4B5DE8C-DBCF-49BB-B1B7-2C1D7CE000B4}.Release|Any CPU.ActiveCfg = Release|Any CPU
		{F4B5DE8C-DBCF-49BB-B1B7-2C1D7CE000B4}.Release|Any CPU.Build.0 = Release|Any CPU
		{2236474C-C064-44C3-BF04-EBE991B12837}.Debug|Any CPU.ActiveCfg = Debug|Any CPU
		{2236474C-C064-44C3-BF04-EBE991B12837}.Debug|Any CPU.Build.0 = Debug|Any CPU
		{2236474C-C064-44C3-BF04-EBE991B12837}.Release|Any CPU.ActiveCfg = Release|Any CPU
		{2236474C-C064-44C3-BF04-EBE991B12837}.Release|Any CPU.Build.0 = Release|Any CPU
	EndGlobalSection
	GlobalSection(SolutionProperties) = preSolution
		HideSolutionNode = FALSE
	EndGlobalSection
	GlobalSection(ExtensibilityGlobals) = postSolution
		SolutionGuid = {D0CEBE80-B434-4FFA-96F4-62C2BCCBE58E}
	EndGlobalSection
EndGlobal
