
Microsoft Visual Studio Solution File, Format Version 12.00
# Visual Studio Version 16
VisualStudioVersion = 16.0.29920.165
MinimumVisualStudioVersion = 10.0.40219.1
Project("{9A19103F-16F7-4668-BE54-9A1E7A4F7556}") = "BankAccountTesting", "BankAccountTesting\BankAccountTesting.csproj", "{5B444C8E-D9A1-4CCC-BED2-871F539D189A}"
EndProject
Project("{9A19103F-16F7-4668-BE54-9A1E7A4F7556}") = "Tests", "BankAccount.Tests\Tests.csproj", "{EE8329EE-EE0E-41B5-AFCF-714485D4462C}"
EndProject
Global
	GlobalSection(SolutionConfigurationPlatforms) = preSolution
		Debug|Any CPU = Debug|Any CPU
		Release|Any CPU = Release|Any CPU
	EndGlobalSection
	GlobalSection(ProjectConfigurationPlatforms) = postSolution
		{5B444C8E-D9A1-4CCC-BED2-871F539D189A}.Debug|Any CPU.ActiveCfg = Debug|Any CPU
		{5B444C8E-D9A1-4CCC-BED2-871F539D189A}.Debug|Any CPU.Build.0 = Debug|Any CPU
		{5B444C8E-D9A1-4CCC-BED2-871F539D189A}.Release|Any CPU.ActiveCfg = Release|Any CPU
		{5B444C8E-D9A1-4CCC-BED2-871F539D189A}.Release|Any CPU.Build.0 = Release|Any CPU
		{EE8329EE-EE0E-41B5-AFCF-714485D4462C}.Debug|Any CPU.ActiveCfg = Debug|Any CPU
		{EE8329EE-EE0E-41B5-AFCF-714485D4462C}.Debug|Any CPU.Build.0 = Debug|Any CPU
		{EE8329EE-EE0E-41B5-AFCF-714485D4462C}.Release|Any CPU.ActiveCfg = Release|Any CPU
		{EE8329EE-EE0E-41B5-AFCF-714485D4462C}.Release|Any CPU.Build.0 = Release|Any CPU
	EndGlobalSection
	GlobalSection(SolutionProperties) = preSolution
		HideSolutionNode = FALSE
	EndGlobalSection
	GlobalSection(ExtensibilityGlobals) = postSolution
		SolutionGuid = {45322990-7DFE-4BF1-A149-AF230E60D36A}
	EndGlobalSection
EndGlobal
