
Microsoft Visual Studio Solution File, Format Version 12.00
# Visual Studio 15
VisualStudioVersion = 15.0.28307.572
MinimumVisualStudioVersion = 10.0.40219.1
Project("{9A19103F-16F7-4668-BE54-9A1E7A4F7556}") = "ExerciseOboroten", "ExerciseOboroten\ExerciseOboroten.csproj", "{690551FE-F10D-4A14-8A32-BF7A4003F794}"
EndProject
Project("{FAE04EC0-301F-11D3-BF4B-00C04F79EFBC}") = "01.USDtoBGN", "01.USDtoBGN\01.USDtoBGN.csproj", "{6605F275-B864-40A4-91F9-D8A40F3B9BBD}"
EndProject
Global
	GlobalSection(SolutionConfigurationPlatforms) = preSolution
		Debug|Any CPU = Debug|Any CPU
		Release|Any CPU = Release|Any CPU
	EndGlobalSection
	GlobalSection(ProjectConfigurationPlatforms) = postSolution
		{690551FE-F10D-4A14-8A32-BF7A4003F794}.Debug|Any CPU.ActiveCfg = Debug|Any CPU
		{690551FE-F10D-4A14-8A32-BF7A4003F794}.Debug|Any CPU.Build.0 = Debug|Any CPU
		{690551FE-F10D-4A14-8A32-BF7A4003F794}.Release|Any CPU.ActiveCfg = Release|Any CPU
		{690551FE-F10D-4A14-8A32-BF7A4003F794}.Release|Any CPU.Build.0 = Release|Any CPU
		{6605F275-B864-40A4-91F9-D8A40F3B9BBD}.Debug|Any CPU.ActiveCfg = Debug|Any CPU
		{6605F275-B864-40A4-91F9-D8A40F3B9BBD}.Debug|Any CPU.Build.0 = Debug|Any CPU
		{6605F275-B864-40A4-91F9-D8A40F3B9BBD}.Release|Any CPU.ActiveCfg = Release|Any CPU
		{6605F275-B864-40A4-91F9-D8A40F3B9BBD}.Release|Any CPU.Build.0 = Release|Any CPU
	EndGlobalSection
	GlobalSection(SolutionProperties) = preSolution
		HideSolutionNode = FALSE
	EndGlobalSection
	GlobalSection(ExtensibilityGlobals) = postSolution
		SolutionGuid = {915E86B9-FA87-4694-BD48-1FE5A3750AC0}
	EndGlobalSection
EndGlobal
