
Microsoft Visual Studio Solution File, Format Version 12.00
# Visual Studio 15
VisualStudioVersion = 15.0.28307.572
MinimumVisualStudioVersion = 10.0.40219.1
Project("{FAE04EC0-301F-11D3-BF4B-00C04F79EFBC}") = "RectangleArea", "RectangleArea\RectangleArea.csproj", "{C0CDF43D-3D1B-4DFE-A0A6-0710BBCD041C}"
EndProject
Global
	GlobalSection(SolutionConfigurationPlatforms) = preSolution
		Debug|Any CPU = Debug|Any CPU
		Release|Any CPU = Release|Any CPU
	EndGlobalSection
	GlobalSection(ProjectConfigurationPlatforms) = postSolution
		{C0CDF43D-3D1B-4DFE-A0A6-0710BBCD041C}.Debug|Any CPU.ActiveCfg = Debug|Any CPU
		{C0CDF43D-3D1B-4DFE-A0A6-0710BBCD041C}.Debug|Any CPU.Build.0 = Debug|Any CPU
		{C0CDF43D-3D1B-4DFE-A0A6-0710BBCD041C}.Release|Any CPU.ActiveCfg = Release|Any CPU
		{C0CDF43D-3D1B-4DFE-A0A6-0710BBCD041C}.Release|Any CPU.Build.0 = Release|Any CPU
	EndGlobalSection
	GlobalSection(SolutionProperties) = preSolution
		HideSolutionNode = FALSE
	EndGlobalSection
	GlobalSection(ExtensibilityGlobals) = postSolution
		SolutionGuid = {292D2C06-0C1F-457E-9BE1-7066B59BD8E3}
	EndGlobalSection
EndGlobal
