
Microsoft Visual Studio Solution File, Format Version 12.00
# Visual Studio Version 16
VisualStudioVersion = 16.0.29613.14
MinimumVisualStudioVersion = 10.0.40219.1
Project("{FAE04EC0-301F-11D3-BF4B-00C04F79EFBC}") = "BoxOfT", "BoxOfT\BoxOfT.csproj", "{6FEDAC75-5187-4348-834B-AE5960359EA6}"
EndProject
Project("{FAE04EC0-301F-11D3-BF4B-00C04F79EFBC}") = "GenericArrayCreator", "ArrayCreator\GenericArrayCreator.csproj", "{A58777A3-3497-4713-AF36-28F3AFE8E04D}"
EndProject
Project("{FAE04EC0-301F-11D3-BF4B-00C04F79EFBC}") = "GenericScale", "GenericScale\GenericScale.csproj", "{9554692F-64BB-46AC-A850-53813B992E86}"
EndProject
Global
	GlobalSection(SolutionConfigurationPlatforms) = preSolution
		Debug|Any CPU = Debug|Any CPU
		Release|Any CPU = Release|Any CPU
	EndGlobalSection
	GlobalSection(ProjectConfigurationPlatforms) = postSolution
		{6FEDAC75-5187-4348-834B-AE5960359EA6}.Debug|Any CPU.ActiveCfg = Debug|Any CPU
		{6FEDAC75-5187-4348-834B-AE5960359EA6}.Debug|Any CPU.Build.0 = Debug|Any CPU
		{6FEDAC75-5187-4348-834B-AE5960359EA6}.Release|Any CPU.ActiveCfg = Release|Any CPU
		{6FEDAC75-5187-4348-834B-AE5960359EA6}.Release|Any CPU.Build.0 = Release|Any CPU
		{A58777A3-3497-4713-AF36-28F3AFE8E04D}.Debug|Any CPU.ActiveCfg = Debug|Any CPU
		{A58777A3-3497-4713-AF36-28F3AFE8E04D}.Debug|Any CPU.Build.0 = Debug|Any CPU
		{A58777A3-3497-4713-AF36-28F3AFE8E04D}.Release|Any CPU.ActiveCfg = Release|Any CPU
		{A58777A3-3497-4713-AF36-28F3AFE8E04D}.Release|Any CPU.Build.0 = Release|Any CPU
		{9554692F-64BB-46AC-A850-53813B992E86}.Debug|Any CPU.ActiveCfg = Debug|Any CPU
		{9554692F-64BB-46AC-A850-53813B992E86}.Debug|Any CPU.Build.0 = Debug|Any CPU
		{9554692F-64BB-46AC-A850-53813B992E86}.Release|Any CPU.ActiveCfg = Release|Any CPU
		{9554692F-64BB-46AC-A850-53813B992E86}.Release|Any CPU.Build.0 = Release|Any CPU
	EndGlobalSection
	GlobalSection(SolutionProperties) = preSolution
		HideSolutionNode = FALSE
	EndGlobalSection
	GlobalSection(ExtensibilityGlobals) = postSolution
		SolutionGuid = {8B4AD347-0C74-4D38-9AA9-4BE068A0B4D1}
	EndGlobalSection
EndGlobal
