
Microsoft Visual Studio Solution File, Format Version 12.00
# Visual Studio Version 16
VisualStudioVersion = 16.0.29920.165
MinimumVisualStudioVersion = 10.0.40219.1
Project("{9A19103F-16F7-4668-BE54-9A1E7A4F7556}") = "P01. Initial Setup", "P01. Initial Setup\P01. Initial Setup.csproj", "{D1F377D7-D9CB-49EC-85F5-C7392AEFD05D}"
EndProject
Project("{FAE04EC0-301F-11D3-BF4B-00C04F79EFBC}") = "P02. Villain Names", "P02. Villain Names\P02. Villain Names.csproj", "{5BB13187-F310-4E7C-B0EC-F1E96817F466}"
EndProject
Project("{FAE04EC0-301F-11D3-BF4B-00C04F79EFBC}") = "P03. Minion Names", "⦁P03. Minion Names\P03. Minion Names.csproj", "{59007ED4-0C39-4DEB-9810-4A8F8C562E19}"
EndProject
Project("{FAE04EC0-301F-11D3-BF4B-00C04F79EFBC}") = "P04. Add Minion", "P04. Add Minion\P04. Add Minion.csproj", "{1481BE2D-9329-4961-8B52-13F28C31F949}"
EndProject
Project("{FAE04EC0-301F-11D3-BF4B-00C04F79EFBC}") = "P05. Change Town Names Casing", "P05. Change Town Names Casing\P05. Change Town Names Casing.csproj", "{A9350C41-4E2F-45BF-8008-00D665108E9E}"
EndProject
Project("{FAE04EC0-301F-11D3-BF4B-00C04F79EFBC}") = "P07. Print All Minion Names", "P07. Print All Minion Names\P07. Print All Minion Names.csproj", "{51DF4585-DB82-408F-9BD6-CFBA20E8D9A5}"
EndProject
Project("{FAE04EC0-301F-11D3-BF4B-00C04F79EFBC}") = "P08. Increase Minion Age", "P08. Increase Minion Age\P08. Increase Minion Age.csproj", "{097F792D-D0E0-479F-9F4F-2408F29969C6}"
EndProject
Project("{FAE04EC0-301F-11D3-BF4B-00C04F79EFBC}") = "P09. Increase Age Stored Procedure", "P09. Increase Age Stored Procedure\P09. Increase Age Stored Procedure.csproj", "{F2578417-0307-4D4F-9A0A-A8358B78D18E}"
EndProject
Global
	GlobalSection(SolutionConfigurationPlatforms) = preSolution
		Debug|Any CPU = Debug|Any CPU
		Release|Any CPU = Release|Any CPU
	EndGlobalSection
	GlobalSection(ProjectConfigurationPlatforms) = postSolution
		{D1F377D7-D9CB-49EC-85F5-C7392AEFD05D}.Debug|Any CPU.ActiveCfg = Debug|Any CPU
		{D1F377D7-D9CB-49EC-85F5-C7392AEFD05D}.Debug|Any CPU.Build.0 = Debug|Any CPU
		{D1F377D7-D9CB-49EC-85F5-C7392AEFD05D}.Release|Any CPU.ActiveCfg = Release|Any CPU
		{D1F377D7-D9CB-49EC-85F5-C7392AEFD05D}.Release|Any CPU.Build.0 = Release|Any CPU
		{5BB13187-F310-4E7C-B0EC-F1E96817F466}.Debug|Any CPU.ActiveCfg = Debug|Any CPU
		{5BB13187-F310-4E7C-B0EC-F1E96817F466}.Debug|Any CPU.Build.0 = Debug|Any CPU
		{5BB13187-F310-4E7C-B0EC-F1E96817F466}.Release|Any CPU.ActiveCfg = Release|Any CPU
		{5BB13187-F310-4E7C-B0EC-F1E96817F466}.Release|Any CPU.Build.0 = Release|Any CPU
		{59007ED4-0C39-4DEB-9810-4A8F8C562E19}.Debug|Any CPU.ActiveCfg = Debug|Any CPU
		{59007ED4-0C39-4DEB-9810-4A8F8C562E19}.Debug|Any CPU.Build.0 = Debug|Any CPU
		{59007ED4-0C39-4DEB-9810-4A8F8C562E19}.Release|Any CPU.ActiveCfg = Release|Any CPU
		{59007ED4-0C39-4DEB-9810-4A8F8C562E19}.Release|Any CPU.Build.0 = Release|Any CPU
		{1481BE2D-9329-4961-8B52-13F28C31F949}.Debug|Any CPU.ActiveCfg = Debug|Any CPU
		{1481BE2D-9329-4961-8B52-13F28C31F949}.Debug|Any CPU.Build.0 = Debug|Any CPU
		{1481BE2D-9329-4961-8B52-13F28C31F949}.Release|Any CPU.ActiveCfg = Release|Any CPU
		{1481BE2D-9329-4961-8B52-13F28C31F949}.Release|Any CPU.Build.0 = Release|Any CPU
		{A9350C41-4E2F-45BF-8008-00D665108E9E}.Debug|Any CPU.ActiveCfg = Debug|Any CPU
		{A9350C41-4E2F-45BF-8008-00D665108E9E}.Debug|Any CPU.Build.0 = Debug|Any CPU
		{A9350C41-4E2F-45BF-8008-00D665108E9E}.Release|Any CPU.ActiveCfg = Release|Any CPU
		{A9350C41-4E2F-45BF-8008-00D665108E9E}.Release|Any CPU.Build.0 = Release|Any CPU
		{51DF4585-DB82-408F-9BD6-CFBA20E8D9A5}.Debug|Any CPU.ActiveCfg = Debug|Any CPU
		{51DF4585-DB82-408F-9BD6-CFBA20E8D9A5}.Debug|Any CPU.Build.0 = Debug|Any CPU
		{51DF4585-DB82-408F-9BD6-CFBA20E8D9A5}.Release|Any CPU.ActiveCfg = Release|Any CPU
		{51DF4585-DB82-408F-9BD6-CFBA20E8D9A5}.Release|Any CPU.Build.0 = Release|Any CPU
		{097F792D-D0E0-479F-9F4F-2408F29969C6}.Debug|Any CPU.ActiveCfg = Debug|Any CPU
		{097F792D-D0E0-479F-9F4F-2408F29969C6}.Debug|Any CPU.Build.0 = Debug|Any CPU
		{097F792D-D0E0-479F-9F4F-2408F29969C6}.Release|Any CPU.ActiveCfg = Release|Any CPU
		{097F792D-D0E0-479F-9F4F-2408F29969C6}.Release|Any CPU.Build.0 = Release|Any CPU
		{F2578417-0307-4D4F-9A0A-A8358B78D18E}.Debug|Any CPU.ActiveCfg = Debug|Any CPU
		{F2578417-0307-4D4F-9A0A-A8358B78D18E}.Debug|Any CPU.Build.0 = Debug|Any CPU
		{F2578417-0307-4D4F-9A0A-A8358B78D18E}.Release|Any CPU.ActiveCfg = Release|Any CPU
		{F2578417-0307-4D4F-9A0A-A8358B78D18E}.Release|Any CPU.Build.0 = Release|Any CPU
	EndGlobalSection
	GlobalSection(SolutionProperties) = preSolution
		HideSolutionNode = FALSE
	EndGlobalSection
	GlobalSection(ExtensibilityGlobals) = postSolution
		SolutionGuid = {51E0BE25-EA14-46F7-BC55-0F9F89D1405C}
	EndGlobalSection
EndGlobal
