
Microsoft Visual Studio Solution File, Format Version 12.00
# Visual Studio Version 16
VisualStudioVersion = 16.0.30804.86
MinimumVisualStudioVersion = 10.0.40219.1
Project("{9A19103F-16F7-4668-BE54-9A1E7A4F7556}") = "Telephony", "Telephony\Telephony.csproj", "{2C06B0D6-C4FB-4BD7-9C7F-46A1428A0CDC}"
EndProject
Project("{9A19103F-16F7-4668-BE54-9A1E7A4F7556}") = "BorderControl", "BorderControl\BorderControl.csproj", "{FEB0A29D-EDC6-4ECB-92BF-C0AD6A7F5F51}"
EndProject
Project("{9A19103F-16F7-4668-BE54-9A1E7A4F7556}") = "PersonInfo", "PersonInfo\PersonInfo.csproj", "{F077A7FD-40EA-4803-8A15-32C98D9C3696}"
EndProject
Global
	GlobalSection(SolutionConfigurationPlatforms) = preSolution
		Debug|Any CPU = Debug|Any CPU
		Release|Any CPU = Release|Any CPU
	EndGlobalSection
	GlobalSection(ProjectConfigurationPlatforms) = postSolution
		{2C06B0D6-C4FB-4BD7-9C7F-46A1428A0CDC}.Debug|Any CPU.ActiveCfg = Debug|Any CPU
		{2C06B0D6-C4FB-4BD7-9C7F-46A1428A0CDC}.Debug|Any CPU.Build.0 = Debug|Any CPU
		{2C06B0D6-C4FB-4BD7-9C7F-46A1428A0CDC}.Release|Any CPU.ActiveCfg = Release|Any CPU
		{2C06B0D6-C4FB-4BD7-9C7F-46A1428A0CDC}.Release|Any CPU.Build.0 = Release|Any CPU
		{FEB0A29D-EDC6-4ECB-92BF-C0AD6A7F5F51}.Debug|Any CPU.ActiveCfg = Debug|Any CPU
		{FEB0A29D-EDC6-4ECB-92BF-C0AD6A7F5F51}.Debug|Any CPU.Build.0 = Debug|Any CPU
		{FEB0A29D-EDC6-4ECB-92BF-C0AD6A7F5F51}.Release|Any CPU.ActiveCfg = Release|Any CPU
		{FEB0A29D-EDC6-4ECB-92BF-C0AD6A7F5F51}.Release|Any CPU.Build.0 = Release|Any CPU
		{F077A7FD-40EA-4803-8A15-32C98D9C3696}.Debug|Any CPU.ActiveCfg = Debug|Any CPU
		{F077A7FD-40EA-4803-8A15-32C98D9C3696}.Debug|Any CPU.Build.0 = Debug|Any CPU
		{F077A7FD-40EA-4803-8A15-32C98D9C3696}.Release|Any CPU.ActiveCfg = Release|Any CPU
		{F077A7FD-40EA-4803-8A15-32C98D9C3696}.Release|Any CPU.Build.0 = Release|Any CPU
	EndGlobalSection
	GlobalSection(SolutionProperties) = preSolution
		HideSolutionNode = FALSE
	EndGlobalSection
	GlobalSection(ExtensibilityGlobals) = postSolution
		SolutionGuid = {F1A80DCB-E0A6-41F4-99DD-805BE5C0491E}
	EndGlobalSection
EndGlobal
